
Microsoft Visual Studio Solution File, Format Version 12.00
# Visual Studio 15
VisualStudioVersion = 15.0.27130.2024
MinimumVisualStudioVersion = 10.0.40219.1
Project("{FAE04EC0-301F-11D3-BF4B-00C04F79EFBC}") = "PerkinElmer.Domain.Contracts", "Domain\PerkinElmer.Domain.Contracts\PerkinElmer.Domain.Contracts.csproj", "{AC5162B3-C533-4691-A91F-95640E8C46C8}"
EndProject
Project("{FAE04EC0-301F-11D3-BF4B-00C04F79EFBC}") = "PerkinElmer.Domain.Factory", "Domain\PerkinElmer.Domain.Factory\PerkinElmer.Domain.Factory.csproj", "{723A43B7-3670-4F04-BCEB-BBFCBE0DB7A5}"
EndProject
Project("{FAE04EC0-301F-11D3-BF4B-00C04F79EFBC}") = "PerkinElmer.Domain.Implementation", "Domain\PerkinElmer.Domain.Implementation\PerkinElmer.Domain.Implementation.csproj", "{CE77BE08-1DF8-4F3C-822E-3FCDB3183000}"
EndProject
Global
	GlobalSection(SolutionConfigurationPlatforms) = preSolution
		Debug|Any CPU = Debug|Any CPU
		Release|Any CPU = Release|Any CPU
	EndGlobalSection
	GlobalSection(ProjectConfigurationPlatforms) = postSolution
		{AC5162B3-C533-4691-A91F-95640E8C46C8}.Debug|Any CPU.ActiveCfg = Debug|Any CPU
		{AC5162B3-C533-4691-A91F-95640E8C46C8}.Debug|Any CPU.Build.0 = Debug|Any CPU
		{AC5162B3-C533-4691-A91F-95640E8C46C8}.Release|Any CPU.ActiveCfg = Release|Any CPU
		{AC5162B3-C533-4691-A91F-95640E8C46C8}.Release|Any CPU.Build.0 = Release|Any CPU
		{723A43B7-3670-4F04-BCEB-BBFCBE0DB7A5}.Debug|Any CPU.ActiveCfg = Debug|Any CPU
		{723A43B7-3670-4F04-BCEB-BBFCBE0DB7A5}.Debug|Any CPU.Build.0 = Debug|Any CPU
		{723A43B7-3670-4F04-BCEB-BBFCBE0DB7A5}.Release|Any CPU.ActiveCfg = Release|Any CPU
		{723A43B7-3670-4F04-BCEB-BBFCBE0DB7A5}.Release|Any CPU.Build.0 = Release|Any CPU
		{CE77BE08-1DF8-4F3C-822E-3FCDB3183000}.Debug|Any CPU.ActiveCfg = Debug|Any CPU
		{CE77BE08-1DF8-4F3C-822E-3FCDB3183000}.Debug|Any CPU.Build.0 = Debug|Any CPU
		{CE77BE08-1DF8-4F3C-822E-3FCDB3183000}.Release|Any CPU.ActiveCfg = Release|Any CPU
		{CE77BE08-1DF8-4F3C-822E-3FCDB3183000}.Release|Any CPU.Build.0 = Release|Any CPU
	EndGlobalSection
	GlobalSection(SolutionProperties) = preSolution
		HideSolutionNode = FALSE
	EndGlobalSection
	GlobalSection(ExtensibilityGlobals) = postSolution
		SolutionGuid = {171CA4A7-5011-49E7-BD31-29278BC2CDA4}
	EndGlobalSection
EndGlobal
